// !$*UTF8*$!
{
	archiveVersion = 1;
	classes = {
	};
	objectVersion = 56;
	objects = {

/* Begin PBXBuildFile section */
		6DE581BF28EE364800FAE6E9 /* AppDelegate.swift in Sources */ = {isa = PBXBuildFile; fileRef = 6DE581BE28EE364800FAE6E9 /* AppDelegate.swift */; };
		6DE581C128EE364800FAE6E9 /* SceneDelegate.swift in Sources */ = {isa = PBXBuildFile; fileRef = 6DE581C028EE364800FAE6E9 /* SceneDelegate.swift */; };
		6DE581C828EE364C00FAE6E9 /* Assets.xcassets in Resources */ = {isa = PBXBuildFile; fileRef = 6DE581C728EE364C00FAE6E9 /* Assets.xcassets */; };
		6DE581CB28EE364C00FAE6E9 /* LaunchScreen.storyboard in Resources */ = {isa = PBXBuildFile; fileRef = 6DE581C928EE364C00FAE6E9 /* LaunchScreen.storyboard */; };
		6DE581DA28EE380F00FAE6E9 /* NiblessViewController.swift in Sources */ = {isa = PBXBuildFile; fileRef = 6DE581D928EE380F00FAE6E9 /* NiblessViewController.swift */; };
		6DE581DC28EE385300FAE6E9 /* Account.swift in Sources */ = {isa = PBXBuildFile; fileRef = 6DE581DB28EE385300FAE6E9 /* Account.swift */; };
		6DE581DE28EE38C400FAE6E9 /* AccountDataStoreType.swift in Sources */ = {isa = PBXBuildFile; fileRef = 6DE581DD28EE38C400FAE6E9 /* AccountDataStoreType.swift */; };
		6DE581E028EE3DC300FAE6E9 /* AppDependencyContainer.swift in Sources */ = {isa = PBXBuildFile; fileRef = 6DE581DF28EE3DC300FAE6E9 /* AppDependencyContainer.swift */; };
		6DE581E228EE3DFE00FAE6E9 /* ApiClientType.swift in Sources */ = {isa = PBXBuildFile; fileRef = 6DE581E128EE3DFE00FAE6E9 /* ApiClientType.swift */; };
		6DE581E428EE3E6500FAE6E9 /* Undefined.swift in Sources */ = {isa = PBXBuildFile; fileRef = 6DE581E328EE3E6500FAE6E9 /* Undefined.swift */; };
		6DE581E728EE401900FAE6E9 /* Balance.swift in Sources */ = {isa = PBXBuildFile; fileRef = 6DE581E628EE401900FAE6E9 /* Balance.swift */; };
		6DE581E928EE406200FAE6E9 /* DemoAccountDataStore.swift in Sources */ = {isa = PBXBuildFile; fileRef = 6DE581E828EE406200FAE6E9 /* DemoAccountDataStore.swift */; };
		6DE581EB28EE40C300FAE6E9 /* DemoApiClient.swift in Sources */ = {isa = PBXBuildFile; fileRef = 6DE581EA28EE40C300FAE6E9 /* DemoApiClient.swift */; };
		6DE581ED28EE412200FAE6E9 /* ConverterViewController.swift in Sources */ = {isa = PBXBuildFile; fileRef = 6DE581EC28EE412200FAE6E9 /* ConverterViewController.swift */; };
		6DE581F028EE417500FAE6E9 /* ConverterViewModel.swift in Sources */ = {isa = PBXBuildFile; fileRef = 6DE581EF28EE417500FAE6E9 /* ConverterViewModel.swift */; };
		6DE581F228EE428600FAE6E9 /* ConverterServiceType.swift in Sources */ = {isa = PBXBuildFile; fileRef = 6DE581F128EE428600FAE6E9 /* ConverterServiceType.swift */; };
		6DE581F428EE429B00FAE6E9 /* DemoConverterService.swift in Sources */ = {isa = PBXBuildFile; fileRef = 6DE581F328EE429B00FAE6E9 /* DemoConverterService.swift */; };
/* End PBXBuildFile section */

/* Begin PBXFileReference section */
		6DE581BB28EE364800FAE6E9 /* Converter.app */ = {isa = PBXFileReference; explicitFileType = wrapper.application; includeInIndex = 0; path = Converter.app; sourceTree = BUILT_PRODUCTS_DIR; };
		6DE581BE28EE364800FAE6E9 /* AppDelegate.swift */ = {isa = PBXFileReference; lastKnownFileType = sourcecode.swift; path = AppDelegate.swift; sourceTree = "<group>"; };
		6DE581C028EE364800FAE6E9 /* SceneDelegate.swift */ = {isa = PBXFileReference; lastKnownFileType = sourcecode.swift; path = SceneDelegate.swift; sourceTree = "<group>"; };
		6DE581C728EE364C00FAE6E9 /* Assets.xcassets */ = {isa = PBXFileReference; lastKnownFileType = folder.assetcatalog; path = Assets.xcassets; sourceTree = "<group>"; };
		6DE581CA28EE364C00FAE6E9 /* Base */ = {isa = PBXFileReference; lastKnownFileType = file.storyboard; name = Base; path = Base.lproj/LaunchScreen.storyboard; sourceTree = "<group>"; };
		6DE581CC28EE364C00FAE6E9 /* Info.plist */ = {isa = PBXFileReference; lastKnownFileType = text.plist.xml; path = Info.plist; sourceTree = "<group>"; };
		6DE581D928EE380F00FAE6E9 /* NiblessViewController.swift */ = {isa = PBXFileReference; lastKnownFileType = sourcecode.swift; path = NiblessViewController.swift; sourceTree = "<group>"; };
		6DE581DB28EE385300FAE6E9 /* Account.swift */ = {isa = PBXFileReference; lastKnownFileType = sourcecode.swift; path = Account.swift; sourceTree = "<group>"; };
		6DE581DD28EE38C400FAE6E9 /* AccountDataStoreType.swift */ = {isa = PBXFileReference; lastKnownFileType = sourcecode.swift; path = AccountDataStoreType.swift; sourceTree = "<group>"; };
		6DE581DF28EE3DC300FAE6E9 /* AppDependencyContainer.swift */ = {isa = PBXFileReference; lastKnownFileType = sourcecode.swift; path = AppDependencyContainer.swift; sourceTree = "<group>"; };
		6DE581E128EE3DFE00FAE6E9 /* ApiClientType.swift */ = {isa = PBXFileReference; lastKnownFileType = sourcecode.swift; path = ApiClientType.swift; sourceTree = "<group>"; };
		6DE581E328EE3E6500FAE6E9 /* Undefined.swift */ = {isa = PBXFileReference; lastKnownFileType = sourcecode.swift; path = Undefined.swift; sourceTree = "<group>"; };
		6DE581E628EE401900FAE6E9 /* Balance.swift */ = {isa = PBXFileReference; lastKnownFileType = sourcecode.swift; path = Balance.swift; sourceTree = "<group>"; };
		6DE581E828EE406200FAE6E9 /* DemoAccountDataStore.swift */ = {isa = PBXFileReference; lastKnownFileType = sourcecode.swift; path = DemoAccountDataStore.swift; sourceTree = "<group>"; };
		6DE581EA28EE40C300FAE6E9 /* DemoApiClient.swift */ = {isa = PBXFileReference; lastKnownFileType = sourcecode.swift; path = DemoApiClient.swift; sourceTree = "<group>"; };
		6DE581EC28EE412200FAE6E9 /* ConverterViewController.swift */ = {isa = PBXFileReference; lastKnownFileType = sourcecode.swift; path = ConverterViewController.swift; sourceTree = "<group>"; };
		6DE581EF28EE417500FAE6E9 /* ConverterViewModel.swift */ = {isa = PBXFileReference; lastKnownFileType = sourcecode.swift; path = ConverterViewModel.swift; sourceTree = "<group>"; };
		6DE581F128EE428600FAE6E9 /* ConverterServiceType.swift */ = {isa = PBXFileReference; lastKnownFileType = sourcecode.swift; path = ConverterServiceType.swift; sourceTree = "<group>"; };
		6DE581F328EE429B00FAE6E9 /* DemoConverterService.swift */ = {isa = PBXFileReference; lastKnownFileType = sourcecode.swift; path = DemoConverterService.swift; sourceTree = "<group>"; };
/* End PBXFileReference section */

/* Begin PBXFrameworksBuildPhase section */
		6DE581B828EE364800FAE6E9 /* Frameworks */ = {
			isa = PBXFrameworksBuildPhase;
			buildActionMask = 2147483647;
			files = (
			);
			runOnlyForDeploymentPostprocessing = 0;
		};
/* End PBXFrameworksBuildPhase section */

/* Begin PBXGroup section */
		6DE581B228EE364800FAE6E9 = {
			isa = PBXGroup;
			children = (
				6DE581BD28EE364800FAE6E9 /* Converter */,
				6DE581BC28EE364800FAE6E9 /* Products */,
			);
			sourceTree = "<group>";
		};
		6DE581BC28EE364800FAE6E9 /* Products */ = {
			isa = PBXGroup;
			children = (
				6DE581BB28EE364800FAE6E9 /* Converter.app */,
			);
			name = Products;
			sourceTree = "<group>";
		};
		6DE581BD28EE364800FAE6E9 /* Converter */ = {
			isa = PBXGroup;
			children = (
				6DE581DF28EE3DC300FAE6E9 /* AppDependencyContainer.swift */,
				6DE581D228EE374A00FAE6E9 /* App */,
				6DE581EE28EE412D00FAE6E9 /* Converter */,
				6DE581E528EE3EC600FAE6E9 /* Utilities */,
				6DE581D628EE37E000FAE6E9 /* DataLayer */,
				6DE581D528EE37D100FAE6E9 /* Reusable */,
				6DE581D428EE37C900FAE6E9 /* Extensions */,
				6DE581D328EE375D00FAE6E9 /* Resources */,
			);
			path = Converter;
			sourceTree = "<group>";
		};
		6DE581D228EE374A00FAE6E9 /* App */ = {
			isa = PBXGroup;
			children = (
				6DE581BE28EE364800FAE6E9 /* AppDelegate.swift */,
				6DE581C028EE364800FAE6E9 /* SceneDelegate.swift */,
			);
			path = App;
			sourceTree = "<group>";
		};
		6DE581D328EE375D00FAE6E9 /* Resources */ = {
			isa = PBXGroup;
			children = (
				6DE581C728EE364C00FAE6E9 /* Assets.xcassets */,
				6DE581C928EE364C00FAE6E9 /* LaunchScreen.storyboard */,
				6DE581CC28EE364C00FAE6E9 /* Info.plist */,
			);
			path = Resources;
			sourceTree = "<group>";
		};
		6DE581D428EE37C900FAE6E9 /* Extensions */ = {
			isa = PBXGroup;
			children = (
			);
			path = Extensions;
			sourceTree = "<group>";
		};
		6DE581D528EE37D100FAE6E9 /* Reusable */ = {
			isa = PBXGroup;
			children = (
				6DE581D928EE380F00FAE6E9 /* NiblessViewController.swift */,
			);
			path = Reusable;
			sourceTree = "<group>";
		};
		6DE581D628EE37E000FAE6E9 /* DataLayer */ = {
			isa = PBXGroup;
			children = (
				6DE581E128EE3DFE00FAE6E9 /* ApiClientType.swift */,
				6DE581EA28EE40C300FAE6E9 /* DemoApiClient.swift */,
				6DE581D828EE37EE00FAE6E9 /* Repositories */,
				6DE581D728EE37E800FAE6E9 /* Model */,
			);
			path = DataLayer;
			sourceTree = "<group>";
		};
		6DE581D728EE37E800FAE6E9 /* Model */ = {
			isa = PBXGroup;
			children = (
				6DE581DB28EE385300FAE6E9 /* Account.swift */,
				6DE581E628EE401900FAE6E9 /* Balance.swift */,
			);
			path = Model;
			sourceTree = "<group>";
		};
		6DE581D828EE37EE00FAE6E9 /* Repositories */ = {
			isa = PBXGroup;
			children = (
				6DE581DD28EE38C400FAE6E9 /* AccountDataStoreType.swift */,
				6DE581E828EE406200FAE6E9 /* DemoAccountDataStore.swift */,
			);
			path = Repositories;
			sourceTree = "<group>";
		};
		6DE581E528EE3EC600FAE6E9 /* Utilities */ = {
			isa = PBXGroup;
			children = (
				6DE581E328EE3E6500FAE6E9 /* Undefined.swift */,
			);
			path = Utilities;
			sourceTree = "<group>";
		};
		6DE581EE28EE412D00FAE6E9 /* Converter */ = {
			isa = PBXGroup;
			children = (
				6DE581F628EE42DC00FAE6E9 /* View */,
				6DE581F528EE42D200FAE6E9 /* Service */,
			);
			path = Converter;
			sourceTree = "<group>";
		};
		6DE581F528EE42D200FAE6E9 /* Service */ = {
			isa = PBXGroup;
			children = (
				6DE581F128EE428600FAE6E9 /* ConverterServiceType.swift */,
				6DE581F328EE429B00FAE6E9 /* DemoConverterService.swift */,
			);
			path = Service;
			sourceTree = "<group>";
		};
		6DE581F628EE42DC00FAE6E9 /* View */ = {
			isa = PBXGroup;
			children = (
				6DE581EC28EE412200FAE6E9 /* ConverterViewController.swift */,
				6DE581EF28EE417500FAE6E9 /* ConverterViewModel.swift */,
			);
			path = View;
			sourceTree = "<group>";
		};
/* End PBXGroup section */

/* Begin PBXNativeTarget section */
		6DE581BA28EE364800FAE6E9 /* Converter */ = {
			isa = PBXNativeTarget;
			buildConfigurationList = 6DE581CF28EE364C00FAE6E9 /* Build configuration list for PBXNativeTarget "Converter" */;
			buildPhases = (
				6DE581B728EE364800FAE6E9 /* Sources */,
				6DE581B828EE364800FAE6E9 /* Frameworks */,
				6DE581B928EE364800FAE6E9 /* Resources */,
			);
			buildRules = (
			);
			dependencies = (
			);
			name = Converter;
			productName = Converter;
			productReference = 6DE581BB28EE364800FAE6E9 /* Converter.app */;
			productType = "com.apple.product-type.application";
		};
/* End PBXNativeTarget section */

/* Begin PBXProject section */
		6DE581B328EE364800FAE6E9 /* Project object */ = {
			isa = PBXProject;
			attributes = {
				BuildIndependentTargetsInParallel = 1;
				LastSwiftUpdateCheck = 1400;
				LastUpgradeCheck = 1400;
				TargetAttributes = {
					6DE581BA28EE364800FAE6E9 = {
						CreatedOnToolsVersion = 14.0.1;
					};
				};
			};
			buildConfigurationList = 6DE581B628EE364800FAE6E9 /* Build configuration list for PBXProject "Converter" */;
			compatibilityVersion = "Xcode 14.0";
			developmentRegion = en;
			hasScannedForEncodings = 0;
			knownRegions = (
				en,
				Base,
			);
			mainGroup = 6DE581B228EE364800FAE6E9;
			productRefGroup = 6DE581BC28EE364800FAE6E9 /* Products */;
			projectDirPath = "";
			projectRoot = "";
			targets = (
				6DE581BA28EE364800FAE6E9 /* Converter */,
			);
		};
/* End PBXProject section */

/* Begin PBXResourcesBuildPhase section */
		6DE581B928EE364800FAE6E9 /* Resources */ = {
			isa = PBXResourcesBuildPhase;
			buildActionMask = 2147483647;
			files = (
				6DE581CB28EE364C00FAE6E9 /* LaunchScreen.storyboard in Resources */,
				6DE581C828EE364C00FAE6E9 /* Assets.xcassets in Resources */,
			);
			runOnlyForDeploymentPostprocessing = 0;
		};
/* End PBXResourcesBuildPhase section */

/* Begin PBXSourcesBuildPhase section */
		6DE581B728EE364800FAE6E9 /* Sources */ = {
			isa = PBXSourcesBuildPhase;
			buildActionMask = 2147483647;
			files = (
				6DE581F428EE429B00FAE6E9 /* DemoConverterService.swift in Sources */,
				6DE581EB28EE40C300FAE6E9 /* DemoApiClient.swift in Sources */,
				6DE581F028EE417500FAE6E9 /* ConverterViewModel.swift in Sources */,
				6DE581ED28EE412200FAE6E9 /* ConverterViewController.swift in Sources */,
				6DE581DC28EE385300FAE6E9 /* Account.swift in Sources */,
				6DE581E228EE3DFE00FAE6E9 /* ApiClientType.swift in Sources */,
				6DE581E028EE3DC300FAE6E9 /* AppDependencyContainer.swift in Sources */,
				6DE581F228EE428600FAE6E9 /* ConverterServiceType.swift in Sources */,
				6DE581DA28EE380F00FAE6E9 /* NiblessViewController.swift in Sources */,
				6DE581E928EE406200FAE6E9 /* DemoAccountDataStore.swift in Sources */,
				6DE581BF28EE364800FAE6E9 /* AppDelegate.swift in Sources */,
				6DE581E728EE401900FAE6E9 /* Balance.swift in Sources */,
				6DE581C128EE364800FAE6E9 /* SceneDelegate.swift in Sources */,
				6DE581DE28EE38C400FAE6E9 /* AccountDataStoreType.swift in Sources */,
				6DE581E428EE3E6500FAE6E9 /* Undefined.swift in Sources */,
			);
			runOnlyForDeploymentPostprocessing = 0;
		};
/* End PBXSourcesBuildPhase section */

/* Begin PBXVariantGroup section */
		6DE581C928EE364C00FAE6E9 /* LaunchScreen.storyboard */ = {
			isa = PBXVariantGroup;
			children = (
				6DE581CA28EE364C00FAE6E9 /* Base */,
			);
			name = LaunchScreen.storyboard;
			sourceTree = "<group>";
		};
/* End PBXVariantGroup section */

/* Begin XCBuildConfiguration section */
		6DE581CD28EE364C00FAE6E9 /* Debug */ = {
			isa = XCBuildConfiguration;
			buildSettings = {
				ALWAYS_SEARCH_USER_PATHS = NO;
				CLANG_ANALYZER_NONNULL = YES;
				CLANG_ANALYZER_NUMBER_OBJECT_CONVERSION = YES_AGGRESSIVE;
				CLANG_CXX_LANGUAGE_STANDARD = "gnu++20";
				CLANG_ENABLE_MODULES = YES;
				CLANG_ENABLE_OBJC_ARC = YES;
				CLANG_ENABLE_OBJC_WEAK = YES;
				CLANG_WARN_BLOCK_CAPTURE_AUTORELEASING = YES;
				CLANG_WARN_BOOL_CONVERSION = YES;
				CLANG_WARN_COMMA = YES;
				CLANG_WARN_CONSTANT_CONVERSION = YES;
				CLANG_WARN_DEPRECATED_OBJC_IMPLEMENTATIONS = YES;
				CLANG_WARN_DIRECT_OBJC_ISA_USAGE = YES_ERROR;
				CLANG_WARN_DOCUMENTATION_COMMENTS = YES;
				CLANG_WARN_EMPTY_BODY = YES;
				CLANG_WARN_ENUM_CONVERSION = YES;
				CLANG_WARN_INFINITE_RECURSION = YES;
				CLANG_WARN_INT_CONVERSION = YES;
				CLANG_WARN_NON_LITERAL_NULL_CONVERSION = YES;
				CLANG_WARN_OBJC_IMPLICIT_RETAIN_SELF = YES;
				CLANG_WARN_OBJC_LITERAL_CONVERSION = YES;
				CLANG_WARN_OBJC_ROOT_CLASS = YES_ERROR;
				CLANG_WARN_QUOTED_INCLUDE_IN_FRAMEWORK_HEADER = YES;
				CLANG_WARN_RANGE_LOOP_ANALYSIS = YES;
				CLANG_WARN_STRICT_PROTOTYPES = YES;
				CLANG_WARN_SUSPICIOUS_MOVE = YES;
				CLANG_WARN_UNGUARDED_AVAILABILITY = YES_AGGRESSIVE;
				CLANG_WARN_UNREACHABLE_CODE = YES;
				CLANG_WARN__DUPLICATE_METHOD_MATCH = YES;
				COPY_PHASE_STRIP = NO;
				DEBUG_INFORMATION_FORMAT = dwarf;
				ENABLE_STRICT_OBJC_MSGSEND = YES;
				ENABLE_TESTABILITY = YES;
				GCC_C_LANGUAGE_STANDARD = gnu11;
				GCC_DYNAMIC_NO_PIC = NO;
				GCC_NO_COMMON_BLOCKS = YES;
				GCC_OPTIMIZATION_LEVEL = 0;
				GCC_PREPROCESSOR_DEFINITIONS = (
					"DEBUG=1",
					"$(inherited)",
				);
				GCC_WARN_64_TO_32_BIT_CONVERSION = YES;
				GCC_WARN_ABOUT_RETURN_TYPE = YES_ERROR;
				GCC_WARN_UNDECLARED_SELECTOR = YES;
				GCC_WARN_UNINITIALIZED_AUTOS = YES_AGGRESSIVE;
				GCC_WARN_UNUSED_FUNCTION = YES;
				GCC_WARN_UNUSED_VARIABLE = YES;
				IPHONEOS_DEPLOYMENT_TARGET = 14.0;
				MTL_ENABLE_DEBUG_INFO = INCLUDE_SOURCE;
				MTL_FAST_MATH = YES;
				ONLY_ACTIVE_ARCH = YES;
				SDKROOT = iphoneos;
				SWIFT_ACTIVE_COMPILATION_CONDITIONS = DEBUG;
				SWIFT_OPTIMIZATION_LEVEL = "-Onone";
			};
			name = Debug;
		};
		6DE581CE28EE364C00FAE6E9 /* Release */ = {
			isa = XCBuildConfiguration;
			buildSettings = {
				ALWAYS_SEARCH_USER_PATHS = NO;
				CLANG_ANALYZER_NONNULL = YES;
				CLANG_ANALYZER_NUMBER_OBJECT_CONVERSION = YES_AGGRESSIVE;
				CLANG_CXX_LANGUAGE_STANDARD = "gnu++20";
				CLANG_ENABLE_MODULES = YES;
				CLANG_ENABLE_OBJC_ARC = YES;
				CLANG_ENABLE_OBJC_WEAK = YES;
				CLANG_WARN_BLOCK_CAPTURE_AUTORELEASING = YES;
				CLANG_WARN_BOOL_CONVERSION = YES;
				CLANG_WARN_COMMA = YES;
				CLANG_WARN_CONSTANT_CONVERSION = YES;
				CLANG_WARN_DEPRECATED_OBJC_IMPLEMENTATIONS = YES;
				CLANG_WARN_DIRECT_OBJC_ISA_USAGE = YES_ERROR;
				CLANG_WARN_DOCUMENTATION_COMMENTS = YES;
				CLANG_WARN_EMPTY_BODY = YES;
				CLANG_WARN_ENUM_CONVERSION = YES;
				CLANG_WARN_INFINITE_RECURSION = YES;
				CLANG_WARN_INT_CONVERSION = YES;
				CLANG_WARN_NON_LITERAL_NULL_CONVERSION = YES;
				CLANG_WARN_OBJC_IMPLICIT_RETAIN_SELF = YES;
				CLANG_WARN_OBJC_LITERAL_CONVERSION = YES;
				CLANG_WARN_OBJC_ROOT_CLASS = YES_ERROR;
				CLANG_WARN_QUOTED_INCLUDE_IN_FRAMEWORK_HEADER = YES;
				CLANG_WARN_RANGE_LOOP_ANALYSIS = YES;
				CLANG_WARN_STRICT_PROTOTYPES = YES;
				CLANG_WARN_SUSPICIOUS_MOVE = YES;
				CLANG_WARN_UNGUARDED_AVAILABILITY = YES_AGGRESSIVE;
				CLANG_WARN_UNREACHABLE_CODE = YES;
				CLANG_WARN__DUPLICATE_METHOD_MATCH = YES;
				COPY_PHASE_STRIP = NO;
				DEBUG_INFORMATION_FORMAT = "dwarf-with-dsym";
				ENABLE_NS_ASSERTIONS = NO;
				ENABLE_STRICT_OBJC_MSGSEND = YES;
				GCC_C_LANGUAGE_STANDARD = gnu11;
				GCC_NO_COMMON_BLOCKS = YES;
				GCC_WARN_64_TO_32_BIT_CONVERSION = YES;
				GCC_WARN_ABOUT_RETURN_TYPE = YES_ERROR;
				GCC_WARN_UNDECLARED_SELECTOR = YES;
				GCC_WARN_UNINITIALIZED_AUTOS = YES_AGGRESSIVE;
				GCC_WARN_UNUSED_FUNCTION = YES;
				GCC_WARN_UNUSED_VARIABLE = YES;
				IPHONEOS_DEPLOYMENT_TARGET = 14.0;
				MTL_ENABLE_DEBUG_INFO = NO;
				MTL_FAST_MATH = YES;
				SDKROOT = iphoneos;
				SWIFT_COMPILATION_MODE = wholemodule;
				SWIFT_OPTIMIZATION_LEVEL = "-O";
				VALIDATE_PRODUCT = YES;
			};
			name = Release;
		};
		6DE581D028EE364C00FAE6E9 /* Debug */ = {
			isa = XCBuildConfiguration;
			buildSettings = {
				ASSETCATALOG_COMPILER_APPICON_NAME = AppIcon;
				ASSETCATALOG_COMPILER_GLOBAL_ACCENT_COLOR_NAME = AccentColor;
				CODE_SIGN_STYLE = Automatic;
				CURRENT_PROJECT_VERSION = 1;
				DEVELOPMENT_TEAM = 9G7LN4VYT4;
				GENERATE_INFOPLIST_FILE = YES;
				INFOPLIST_FILE = Converter/Resources/Info.plist;
				INFOPLIST_KEY_UIApplicationSupportsIndirectInputEvents = YES;
				INFOPLIST_KEY_UILaunchStoryboardName = LaunchScreen;
				INFOPLIST_KEY_UISupportedInterfaceOrientations = UIInterfaceOrientationPortrait;
				INFOPLIST_KEY_UISupportedInterfaceOrientations_iPad = "UIInterfaceOrientationLandscapeLeft UIInterfaceOrientationLandscapeRight UIInterfaceOrientationPortrait UIInterfaceOrientationPortraitUpsideDown";
				IPHONEOS_DEPLOYMENT_TARGET = 14.0;
				LD_RUNPATH_SEARCH_PATHS = (
					"$(inherited)",
					"@executable_path/Frameworks",
				);
				MARKETING_VERSION = 1.0;
				PRODUCT_BUNDLE_IDENTIFIER = com.gmail.veret.evg.Converter;
				PRODUCT_NAME = "$(TARGET_NAME)";
				SUPPORTED_PLATFORMS = "iphoneos iphonesimulator";
				SUPPORTS_MACCATALYST = NO;
				SUPPORTS_MAC_DESIGNED_FOR_IPHONE_IPAD = NO;
				SWIFT_EMIT_LOC_STRINGS = YES;
				SWIFT_VERSION = 5.0;
				TARGETED_DEVICE_FAMILY = 1;
			};
			name = Debug;
		};
		6DE581D128EE364C00FAE6E9 /* Release */ = {
			isa = XCBuildConfiguration;
			buildSettings = {
				ASSETCATALOG_COMPILER_APPICON_NAME = AppIcon;
				ASSETCATALOG_COMPILER_GLOBAL_ACCENT_COLOR_NAME = AccentColor;
				CODE_SIGN_STYLE = Automatic;
				CURRENT_PROJECT_VERSION = 1;
				DEVELOPMENT_TEAM = 9G7LN4VYT4;
				GENERATE_INFOPLIST_FILE = YES;
				INFOPLIST_FILE = Converter/Resources/Info.plist;
				INFOPLIST_KEY_UIApplicationSupportsIndirectInputEvents = YES;
				INFOPLIST_KEY_UILaunchStoryboardName = LaunchScreen;
				INFOPLIST_KEY_UISupportedInterfaceOrientations = UIInterfaceOrientationPortrait;
				INFOPLIST_KEY_UISupportedInterfaceOrientations_iPad = "UIInterfaceOrientationLandscapeLeft UIInterfaceOrientationLandscapeRight UIInterfaceOrientationPortrait UIInterfaceOrientationPortraitUpsideDown";
				IPHONEOS_DEPLOYMENT_TARGET = 14.0;
				LD_RUNPATH_SEARCH_PATHS = (
					"$(inherited)",
					"@executable_path/Frameworks",
				);
				MARKETING_VERSION = 1.0;
				PRODUCT_BUNDLE_IDENTIFIER = com.gmail.veret.evg.Converter;
				PRODUCT_NAME = "$(TARGET_NAME)";
				SUPPORTED_PLATFORMS = "iphoneos iphonesimulator";
				SUPPORTS_MACCATALYST = NO;
				SUPPORTS_MAC_DESIGNED_FOR_IPHONE_IPAD = NO;
				SWIFT_EMIT_LOC_STRINGS = YES;
				SWIFT_VERSION = 5.0;
				TARGETED_DEVICE_FAMILY = 1;
			};
			name = Release;
		};
/* End XCBuildConfiguration section */

/* Begin XCConfigurationList section */
		6DE581B628EE364800FAE6E9 /* Build configuration list for PBXProject "Converter" */ = {
			isa = XCConfigurationList;
			buildConfigurations = (
				6DE581CD28EE364C00FAE6E9 /* Debug */,
				6DE581CE28EE364C00FAE6E9 /* Release */,
			);
			defaultConfigurationIsVisible = 0;
			defaultConfigurationName = Release;
		};
		6DE581CF28EE364C00FAE6E9 /* Build configuration list for PBXNativeTarget "Converter" */ = {
			isa = XCConfigurationList;
			buildConfigurations = (
				6DE581D028EE364C00FAE6E9 /* Debug */,
				6DE581D128EE364C00FAE6E9 /* Release */,
			);
			defaultConfigurationIsVisible = 0;
			defaultConfigurationName = Release;
		};
/* End XCConfigurationList section */
	};
	rootObject = 6DE581B328EE364800FAE6E9 /* Project object */;
}
